// !$*UTF8*$!
{
	archiveVersion = 1;
	classes = {
	};
	objectVersion = 52;
	objects = {

/* Begin PBXBuildFile section */
		DF2C480224F2F314003BE135 /* ButtonModifiers.swift in Sources */ = {isa = PBXBuildFile; fileRef = DF2C480124F2F314003BE135 /* ButtonModifiers.swift */; };
		DF2C480324F2F314003BE135 /* ButtonModifiers.swift in Sources */ = {isa = PBXBuildFile; fileRef = DF2C480124F2F314003BE135 /* ButtonModifiers.swift */; };
		DF2C480824F2F8A4003BE135 /* ClockView.swift in Sources */ = {isa = PBXBuildFile; fileRef = DF2C480724F2F8A4003BE135 /* ClockView.swift */; };
		DF2C480924F2F8A4003BE135 /* ClockView.swift in Sources */ = {isa = PBXBuildFile; fileRef = DF2C480724F2F8A4003BE135 /* ClockView.swift */; };
		DF2C480C24F2FC95003BE135 /* ProgressTrack.swift in Sources */ = {isa = PBXBuildFile; fileRef = DF2C480B24F2FC95003BE135 /* ProgressTrack.swift */; };
		DF2C480D24F2FC95003BE135 /* ProgressTrack.swift in Sources */ = {isa = PBXBuildFile; fileRef = DF2C480B24F2FC95003BE135 /* ProgressTrack.swift */; };
		DF2C480F24F2FE90003BE135 /* CountdownView.swift in Sources */ = {isa = PBXBuildFile; fileRef = DF2C480E24F2FE90003BE135 /* CountdownView.swift */; };
		DF2C481024F2FE90003BE135 /* CountdownView.swift in Sources */ = {isa = PBXBuildFile; fileRef = DF2C480E24F2FE90003BE135 /* CountdownView.swift */; };
		DF2C481224F31AB6003BE135 /* TimerViewModel.swift in Sources */ = {isa = PBXBuildFile; fileRef = DF2C481124F31AB6003BE135 /* TimerViewModel.swift */; };
		DF2C481324F31AB6003BE135 /* TimerViewModel.swift in Sources */ = {isa = PBXBuildFile; fileRef = DF2C481124F31AB6003BE135 /* TimerViewModel.swift */; };
		DF2C481B24F31BDD003BE135 /* PomodoroMacUnitTests.swift in Sources */ = {isa = PBXBuildFile; fileRef = DF2C481A24F31BDD003BE135 /* PomodoroMacUnitTests.swift */; };
		DF2C486924F34458003BE135 /* TestsMacOS.swift in Sources */ = {isa = PBXBuildFile; fileRef = DF30A47724EF480000635B01 /* TestsMacOS.swift */; };
		DF2C486A24F3445A003BE135 /* TimerViewModelTests.swift in Sources */ = {isa = PBXBuildFile; fileRef = DF2C482224F3221B003BE135 /* TimerViewModelTests.swift */; };
		DF30A46D24EF480000635B01 /* TestsIOS.swift in Sources */ = {isa = PBXBuildFile; fileRef = DF30A46C24EF480000635B01 /* TestsIOS.swift */; };
		DF30A47A24EF480000635B01 /* PomodoroApp.swift in Sources */ = {isa = PBXBuildFile; fileRef = DF30A45124EF47FE00635B01 /* PomodoroApp.swift */; };
		DF30A47B24EF480000635B01 /* PomodoroApp.swift in Sources */ = {isa = PBXBuildFile; fileRef = DF30A45124EF47FE00635B01 /* PomodoroApp.swift */; };
		DF30A47C24EF480000635B01 /* ContentView.swift in Sources */ = {isa = PBXBuildFile; fileRef = DF30A45224EF47FE00635B01 /* ContentView.swift */; };
		DF30A47D24EF480000635B01 /* ContentView.swift in Sources */ = {isa = PBXBuildFile; fileRef = DF30A45224EF47FE00635B01 /* ContentView.swift */; };
		DF30A47E24EF480000635B01 /* Assets.xcassets in Resources */ = {isa = PBXBuildFile; fileRef = DF30A45324EF480000635B01 /* Assets.xcassets */; };
		DF30A47F24EF480000635B01 /* Assets.xcassets in Resources */ = {isa = PBXBuildFile; fileRef = DF30A45324EF480000635B01 /* Assets.xcassets */; };
		DF30A49024EF4F1700635B01 /* SwiftLintFramework in Frameworks */ = {isa = PBXBuildFile; productRef = DF30A48F24EF4F1700635B01 /* SwiftLintFramework */; };
		DF30A49224EF59EC00635B01 /* TimerView.swift in Sources */ = {isa = PBXBuildFile; fileRef = DF30A49124EF59EC00635B01 /* TimerView.swift */; };
		DF30A49324EF59EC00635B01 /* TimerView.swift in Sources */ = {isa = PBXBuildFile; fileRef = DF30A49124EF59EC00635B01 /* TimerView.swift */; };
		DF30A49524EF630400635B01 /* Colors.swift in Sources */ = {isa = PBXBuildFile; fileRef = DF30A49424EF630400635B01 /* Colors.swift */; };
		DF30A49624EF630400635B01 /* Colors.swift in Sources */ = {isa = PBXBuildFile; fileRef = DF30A49424EF630400635B01 /* Colors.swift */; };
/* End PBXBuildFile section */

/* Begin PBXContainerItemProxy section */
		DF2C481D24F31BDD003BE135 /* PBXContainerItemProxy */ = {
			isa = PBXContainerItemProxy;
			containerPortal = DF30A44C24EF47FE00635B01 /* Project object */;
			proxyType = 1;
			remoteGlobalIDString = DF30A45F24EF480000635B01;
			remoteInfo = "Pomodoro (macOS)";
		};
		DF30A46924EF480000635B01 /* PBXContainerItemProxy */ = {
			isa = PBXContainerItemProxy;
			containerPortal = DF30A44C24EF47FE00635B01 /* Project object */;
			proxyType = 1;
			remoteGlobalIDString = DF30A45724EF480000635B01;
			remoteInfo = "Pomodoro (iOS)";
		};
		DF30A47424EF480000635B01 /* PBXContainerItemProxy */ = {
			isa = PBXContainerItemProxy;
			containerPortal = DF30A44C24EF47FE00635B01 /* Project object */;
			proxyType = 1;
			remoteGlobalIDString = DF30A45F24EF480000635B01;
			remoteInfo = "Pomodoro (macOS)";
		};
/* End PBXContainerItemProxy section */

/* Begin PBXFileReference section */
		DF2C480124F2F314003BE135 /* ButtonModifiers.swift */ = {isa = PBXFileReference; lastKnownFileType = sourcecode.swift; path = ButtonModifiers.swift; sourceTree = "<group>"; };
		DF2C480724F2F8A4003BE135 /* ClockView.swift */ = {isa = PBXFileReference; lastKnownFileType = sourcecode.swift; path = ClockView.swift; sourceTree = "<group>"; };
		DF2C480B24F2FC95003BE135 /* ProgressTrack.swift */ = {isa = PBXFileReference; lastKnownFileType = sourcecode.swift; path = ProgressTrack.swift; sourceTree = "<group>"; };
		DF2C480E24F2FE90003BE135 /* CountdownView.swift */ = {isa = PBXFileReference; lastKnownFileType = sourcecode.swift; path = CountdownView.swift; sourceTree = "<group>"; };
		DF2C481124F31AB6003BE135 /* TimerViewModel.swift */ = {isa = PBXFileReference; lastKnownFileType = sourcecode.swift; path = TimerViewModel.swift; sourceTree = "<group>"; };
		DF2C481824F31BDD003BE135 /* PomodoroMacUnitTests.xctest */ = {isa = PBXFileReference; explicitFileType = wrapper.cfbundle; includeInIndex = 0; path = PomodoroMacUnitTests.xctest; sourceTree = BUILT_PRODUCTS_DIR; };
		DF2C481A24F31BDD003BE135 /* PomodoroMacUnitTests.swift */ = {isa = PBXFileReference; lastKnownFileType = sourcecode.swift; path = PomodoroMacUnitTests.swift; sourceTree = "<group>"; };
		DF2C481C24F31BDD003BE135 /* Info.plist */ = {isa = PBXFileReference; lastKnownFileType = text.plist.xml; path = Info.plist; sourceTree = "<group>"; };
		DF2C482224F3221B003BE135 /* TimerViewModelTests.swift */ = {isa = PBXFileReference; lastKnownFileType = sourcecode.swift; path = TimerViewModelTests.swift; sourceTree = "<group>"; };
		DF30A45124EF47FE00635B01 /* PomodoroApp.swift */ = {isa = PBXFileReference; lastKnownFileType = sourcecode.swift; path = PomodoroApp.swift; sourceTree = "<group>"; };
		DF30A45224EF47FE00635B01 /* ContentView.swift */ = {isa = PBXFileReference; lastKnownFileType = sourcecode.swift; path = ContentView.swift; sourceTree = "<group>"; };
		DF30A45324EF480000635B01 /* Assets.xcassets */ = {isa = PBXFileReference; lastKnownFileType = folder.assetcatalog; path = Assets.xcassets; sourceTree = "<group>"; };
		DF30A45824EF480000635B01 /* Pomodoro.app */ = {isa = PBXFileReference; explicitFileType = wrapper.application; includeInIndex = 0; path = Pomodoro.app; sourceTree = BUILT_PRODUCTS_DIR; };
		DF30A45B24EF480000635B01 /* Info.plist */ = {isa = PBXFileReference; lastKnownFileType = text.plist.xml; path = Info.plist; sourceTree = "<group>"; };
		DF30A46024EF480000635B01 /* Pomodoro.app */ = {isa = PBXFileReference; explicitFileType = wrapper.application; includeInIndex = 0; path = Pomodoro.app; sourceTree = BUILT_PRODUCTS_DIR; };
		DF30A46224EF480000635B01 /* Info.plist */ = {isa = PBXFileReference; lastKnownFileType = text.plist.xml; path = Info.plist; sourceTree = "<group>"; };
		DF30A46324EF480000635B01 /* macOS.entitlements */ = {isa = PBXFileReference; lastKnownFileType = text.plist.entitlements; path = macOS.entitlements; sourceTree = "<group>"; };
		DF30A46824EF480000635B01 /* Tests iOS.xctest */ = {isa = PBXFileReference; explicitFileType = wrapper.cfbundle; includeInIndex = 0; path = "Tests iOS.xctest"; sourceTree = BUILT_PRODUCTS_DIR; };
		DF30A46C24EF480000635B01 /* TestsIOS.swift */ = {isa = PBXFileReference; lastKnownFileType = sourcecode.swift; path = TestsIOS.swift; sourceTree = "<group>"; };
		DF30A46E24EF480000635B01 /* Info.plist */ = {isa = PBXFileReference; lastKnownFileType = text.plist.xml; path = Info.plist; sourceTree = "<group>"; };
		DF30A47324EF480000635B01 /* Tests macOS.xctest */ = {isa = PBXFileReference; explicitFileType = wrapper.cfbundle; includeInIndex = 0; path = "Tests macOS.xctest"; sourceTree = BUILT_PRODUCTS_DIR; };
		DF30A47724EF480000635B01 /* TestsMacOS.swift */ = {isa = PBXFileReference; lastKnownFileType = sourcecode.swift; path = TestsMacOS.swift; sourceTree = "<group>"; };
		DF30A47924EF480000635B01 /* Info.plist */ = {isa = PBXFileReference; lastKnownFileType = text.plist.xml; path = Info.plist; sourceTree = "<group>"; };
		DF30A49124EF59EC00635B01 /* TimerView.swift */ = {isa = PBXFileReference; lastKnownFileType = sourcecode.swift; path = TimerView.swift; sourceTree = "<group>"; };
		DF30A49424EF630400635B01 /* Colors.swift */ = {isa = PBXFileReference; lastKnownFileType = sourcecode.swift; path = Colors.swift; sourceTree = "<group>"; };
/* End PBXFileReference section */

/* Begin PBXFrameworksBuildPhase section */
		DF2C481524F31BDD003BE135 /* Frameworks */ = {
			isa = PBXFrameworksBuildPhase;
			buildActionMask = 2147483647;
			files = (
			);
			runOnlyForDeploymentPostprocessing = 0;
		};
		DF30A45524EF480000635B01 /* Frameworks */ = {
			isa = PBXFrameworksBuildPhase;
			buildActionMask = 2147483647;
			files = (
				DF30A49024EF4F1700635B01 /* SwiftLintFramework in Frameworks */,
			);
			runOnlyForDeploymentPostprocessing = 0;
		};
		DF30A45D24EF480000635B01 /* Frameworks */ = {
			isa = PBXFrameworksBuildPhase;
			buildActionMask = 2147483647;
			files = (
			);
			runOnlyForDeploymentPostprocessing = 0;
		};
		DF30A46524EF480000635B01 /* Frameworks */ = {
			isa = PBXFrameworksBuildPhase;
			buildActionMask = 2147483647;
			files = (
			);
			runOnlyForDeploymentPostprocessing = 0;
		};
		DF30A47024EF480000635B01 /* Frameworks */ = {
			isa = PBXFrameworksBuildPhase;
			buildActionMask = 2147483647;
			files = (
			);
			runOnlyForDeploymentPostprocessing = 0;
		};
/* End PBXFrameworksBuildPhase section */

/* Begin PBXGroup section */
		DF2C480A24F2FC7F003BE135 /* spike */ = {
			isa = PBXGroup;
			children = (
				DF2C480724F2F8A4003BE135 /* ClockView.swift */,
				DF2C480B24F2FC95003BE135 /* ProgressTrack.swift */,
				DF2C480E24F2FE90003BE135 /* CountdownView.swift */,
			);
			path = spike;
			sourceTree = "<group>";
		};
		DF2C481924F31BDD003BE135 /* PomodoroMacUnitTests */ = {
			isa = PBXGroup;
			children = (
				DF2C482224F3221B003BE135 /* TimerViewModelTests.swift */,
				DF2C481A24F31BDD003BE135 /* PomodoroMacUnitTests.swift */,
				DF2C481C24F31BDD003BE135 /* Info.plist */,
			);
			path = PomodoroMacUnitTests;
			sourceTree = "<group>";
		};
		DF30A44B24EF47FE00635B01 = {
			isa = PBXGroup;
			children = (
				DF30A45024EF47FE00635B01 /* Shared */,
				DF30A45A24EF480000635B01 /* iOS */,
				DF30A46124EF480000635B01 /* macOS */,
				DF30A46B24EF480000635B01 /* Tests iOS */,
				DF30A47624EF480000635B01 /* Tests macOS */,
				DF2C481924F31BDD003BE135 /* PomodoroMacUnitTests */,
				DF30A45924EF480000635B01 /* Products */,
			);
			sourceTree = "<group>";
		};
		DF30A45024EF47FE00635B01 /* Shared */ = {
			isa = PBXGroup;
			children = (
				DF30A45124EF47FE00635B01 /* PomodoroApp.swift */,
				DF30A45224EF47FE00635B01 /* ContentView.swift */,
				DF30A49124EF59EC00635B01 /* TimerView.swift */,
				DF30A45324EF480000635B01 /* Assets.xcassets */,
				DF30A49424EF630400635B01 /* Colors.swift */,
				DF2C480124F2F314003BE135 /* ButtonModifiers.swift */,
				DF2C480A24F2FC7F003BE135 /* spike */,
				DF2C481124F31AB6003BE135 /* TimerViewModel.swift */,
			);
			path = Shared;
			sourceTree = "<group>";
		};
		DF30A45924EF480000635B01 /* Products */ = {
			isa = PBXGroup;
			children = (
				DF30A45824EF480000635B01 /* Pomodoro.app */,
				DF30A46024EF480000635B01 /* Pomodoro.app */,
				DF30A46824EF480000635B01 /* Tests iOS.xctest */,
				DF30A47324EF480000635B01 /* Tests macOS.xctest */,
				DF2C481824F31BDD003BE135 /* PomodoroMacUnitTests.xctest */,
			);
			name = Products;
			sourceTree = "<group>";
		};
		DF30A45A24EF480000635B01 /* iOS */ = {
			isa = PBXGroup;
			children = (
				DF30A45B24EF480000635B01 /* Info.plist */,
			);
			path = iOS;
			sourceTree = "<group>";
		};
		DF30A46124EF480000635B01 /* macOS */ = {
			isa = PBXGroup;
			children = (
				DF30A46224EF480000635B01 /* Info.plist */,
				DF30A46324EF480000635B01 /* macOS.entitlements */,
			);
			path = macOS;
			sourceTree = "<group>";
		};
		DF30A46B24EF480000635B01 /* Tests iOS */ = {
			isa = PBXGroup;
			children = (
				DF30A46C24EF480000635B01 /* TestsIOS.swift */,
				DF30A46E24EF480000635B01 /* Info.plist */,
			);
			path = "Tests iOS";
			sourceTree = "<group>";
		};
		DF30A47624EF480000635B01 /* Tests macOS */ = {
			isa = PBXGroup;
			children = (
				DF30A47724EF480000635B01 /* TestsMacOS.swift */,
				DF30A47924EF480000635B01 /* Info.plist */,
			);
			path = "Tests macOS";
			sourceTree = "<group>";
		};
/* End PBXGroup section */

/* Begin PBXNativeTarget section */
		DF2C481724F31BDD003BE135 /* PomodoroMacUnitTests */ = {
			isa = PBXNativeTarget;
			buildConfigurationList = DF2C481F24F31BDD003BE135 /* Build configuration list for PBXNativeTarget "PomodoroMacUnitTests" */;
			buildPhases = (
				DF2C481424F31BDD003BE135 /* Sources */,
				DF2C481524F31BDD003BE135 /* Frameworks */,
				DF2C481624F31BDD003BE135 /* Resources */,
			);
			buildRules = (
			);
			dependencies = (
				DF2C481E24F31BDD003BE135 /* PBXTargetDependency */,
			);
			name = PomodoroMacUnitTests;
			productName = PomodoroMacUnitTests;
			productReference = DF2C481824F31BDD003BE135 /* PomodoroMacUnitTests.xctest */;
			productType = "com.apple.product-type.bundle.unit-test";
		};
		DF30A45724EF480000635B01 /* Pomodoro (iOS) */ = {
			isa = PBXNativeTarget;
			buildConfigurationList = DF30A48224EF480000635B01 /* Build configuration list for PBXNativeTarget "Pomodoro (iOS)" */;
			buildPhases = (
				DF30A45424EF480000635B01 /* Sources */,
				DF30A45524EF480000635B01 /* Frameworks */,
				DF30A45624EF480000635B01 /* Resources */,
			);
			buildRules = (
			);
			dependencies = (
			);
			name = "Pomodoro (iOS)";
			packageProductDependencies = (
				DF30A48F24EF4F1700635B01 /* SwiftLintFramework */,
			);
			productName = "Pomodoro (iOS)";
			productReference = DF30A45824EF480000635B01 /* Pomodoro.app */;
			productType = "com.apple.product-type.application";
		};
		DF30A45F24EF480000635B01 /* Pomodoro (macOS) */ = {
			isa = PBXNativeTarget;
			buildConfigurationList = DF30A48524EF480000635B01 /* Build configuration list for PBXNativeTarget "Pomodoro (macOS)" */;
			buildPhases = (
				DF30A45C24EF480000635B01 /* Sources */,
				DF30A45D24EF480000635B01 /* Frameworks */,
				DF30A45E24EF480000635B01 /* Resources */,
			);
			buildRules = (
			);
			dependencies = (
			);
			name = "Pomodoro (macOS)";
			productName = "Pomodoro (macOS)";
			productReference = DF30A46024EF480000635B01 /* Pomodoro.app */;
			productType = "com.apple.product-type.application";
		};
		DF30A46724EF480000635B01 /* Tests iOS */ = {
			isa = PBXNativeTarget;
			buildConfigurationList = DF30A48824EF480000635B01 /* Build configuration list for PBXNativeTarget "Tests iOS" */;
			buildPhases = (
				DF30A46424EF480000635B01 /* Sources */,
				DF30A46524EF480000635B01 /* Frameworks */,
				DF30A46624EF480000635B01 /* Resources */,
			);
			buildRules = (
			);
			dependencies = (
				DF30A46A24EF480000635B01 /* PBXTargetDependency */,
			);
			name = "Tests iOS";
			productName = "Tests iOS";
			productReference = DF30A46824EF480000635B01 /* Tests iOS.xctest */;
			productType = "com.apple.product-type.bundle.ui-testing";
		};
		DF30A47224EF480000635B01 /* Tests macOS */ = {
			isa = PBXNativeTarget;
			buildConfigurationList = DF30A48B24EF480000635B01 /* Build configuration list for PBXNativeTarget "Tests macOS" */;
			buildPhases = (
				DF30A46F24EF480000635B01 /* Sources */,
				DF30A47024EF480000635B01 /* Frameworks */,
				DF30A47124EF480000635B01 /* Resources */,
			);
			buildRules = (
			);
			dependencies = (
				DF30A47524EF480000635B01 /* PBXTargetDependency */,
			);
			name = "Tests macOS";
			productName = "Tests macOS";
			productReference = DF30A47324EF480000635B01 /* Tests macOS.xctest */;
			productType = "com.apple.product-type.bundle.ui-testing";
		};
/* End PBXNativeTarget section */

/* Begin PBXProject section */
		DF30A44C24EF47FE00635B01 /* Project object */ = {
			isa = PBXProject;
			attributes = {
				LastSwiftUpdateCheck = 1200;
				LastUpgradeCheck = 1200;
				TargetAttributes = {
					DF2C481724F31BDD003BE135 = {
						CreatedOnToolsVersion = 12.0;
						TestTargetID = DF30A45F24EF480000635B01;
					};
					DF30A45724EF480000635B01 = {
						CreatedOnToolsVersion = 12.0;
					};
					DF30A45F24EF480000635B01 = {
						CreatedOnToolsVersion = 12.0;
					};
					DF30A46724EF480000635B01 = {
						CreatedOnToolsVersion = 12.0;
						TestTargetID = DF30A45724EF480000635B01;
					};
					DF30A47224EF480000635B01 = {
						CreatedOnToolsVersion = 12.0;
						TestTargetID = DF30A45F24EF480000635B01;
					};
				};
			};
			buildConfigurationList = DF30A44F24EF47FE00635B01 /* Build configuration list for PBXProject "Pomodoro" */;
			compatibilityVersion = "Xcode 9.3";
			developmentRegion = en;
			hasScannedForEncodings = 0;
			knownRegions = (
				en,
				Base,
			);
			mainGroup = DF30A44B24EF47FE00635B01;
			packageReferences = (
				DF30A48E24EF4F1700635B01 /* XCRemoteSwiftPackageReference "SwiftLint" */,
			);
			productRefGroup = DF30A45924EF480000635B01 /* Products */;
			projectDirPath = "";
			projectRoot = "";
			targets = (
				DF30A45724EF480000635B01 /* Pomodoro (iOS) */,
				DF30A45F24EF480000635B01 /* Pomodoro (macOS) */,
				DF30A46724EF480000635B01 /* Tests iOS */,
				DF30A47224EF480000635B01 /* Tests macOS */,
				DF2C481724F31BDD003BE135 /* PomodoroMacUnitTests */,
			);
		};
/* End PBXProject section */

/* Begin PBXResourcesBuildPhase section */
		DF2C481624F31BDD003BE135 /* Resources */ = {
			isa = PBXResourcesBuildPhase;
			buildActionMask = 2147483647;
			files = (
			);
			runOnlyForDeploymentPostprocessing = 0;
		};
		DF30A45624EF480000635B01 /* Resources */ = {
			isa = PBXResourcesBuildPhase;
			buildActionMask = 2147483647;
			files = (
				DF30A47E24EF480000635B01 /* Assets.xcassets in Resources */,
			);
			runOnlyForDeploymentPostprocessing = 0;
		};
		DF30A45E24EF480000635B01 /* Resources */ = {
			isa = PBXResourcesBuildPhase;
			buildActionMask = 2147483647;
			files = (
				DF30A47F24EF480000635B01 /* Assets.xcassets in Resources */,
			);
			runOnlyForDeploymentPostprocessing = 0;
		};
		DF30A46624EF480000635B01 /* Resources */ = {
			isa = PBXResourcesBuildPhase;
			buildActionMask = 2147483647;
			files = (
			);
			runOnlyForDeploymentPostprocessing = 0;
		};
		DF30A47124EF480000635B01 /* Resources */ = {
			isa = PBXResourcesBuildPhase;
			buildActionMask = 2147483647;
			files = (
			);
			runOnlyForDeploymentPostprocessing = 0;
		};
/* End PBXResourcesBuildPhase section */

/* Begin PBXSourcesBuildPhase section */
		DF2C481424F31BDD003BE135 /* Sources */ = {
			isa = PBXSourcesBuildPhase;
			buildActionMask = 2147483647;
			files = (
				DF2C486A24F3445A003BE135 /* TimerViewModelTests.swift in Sources */,
				DF2C481B24F31BDD003BE135 /* PomodoroMacUnitTests.swift in Sources */,
			);
			runOnlyForDeploymentPostprocessing = 0;
		};
		DF30A45424EF480000635B01 /* Sources */ = {
			isa = PBXSourcesBuildPhase;
			buildActionMask = 2147483647;
			files = (
				DF30A49224EF59EC00635B01 /* TimerView.swift in Sources */,
				DF2C481224F31AB6003BE135 /* TimerViewModel.swift in Sources */,
				DF2C480824F2F8A4003BE135 /* ClockView.swift in Sources */,
				DF2C480F24F2FE90003BE135 /* CountdownView.swift in Sources */,
				DF2C480C24F2FC95003BE135 /* ProgressTrack.swift in Sources */,
				DF30A49524EF630400635B01 /* Colors.swift in Sources */,
				DF2C480224F2F314003BE135 /* ButtonModifiers.swift in Sources */,
				DF30A47C24EF480000635B01 /* ContentView.swift in Sources */,
				DF30A47A24EF480000635B01 /* PomodoroApp.swift in Sources */,
			);
			runOnlyForDeploymentPostprocessing = 0;
		};
		DF30A45C24EF480000635B01 /* Sources */ = {
			isa = PBXSourcesBuildPhase;
			buildActionMask = 2147483647;
			files = (
				DF30A49324EF59EC00635B01 /* TimerView.swift in Sources */,
				DF2C481324F31AB6003BE135 /* TimerViewModel.swift in Sources */,
				DF2C480924F2F8A4003BE135 /* ClockView.swift in Sources */,
				DF2C481024F2FE90003BE135 /* CountdownView.swift in Sources */,
				DF2C480D24F2FC95003BE135 /* ProgressTrack.swift in Sources */,
				DF30A49624EF630400635B01 /* Colors.swift in Sources */,
				DF2C480324F2F314003BE135 /* ButtonModifiers.swift in Sources */,
				DF30A47D24EF480000635B01 /* ContentView.swift in Sources */,
				DF30A47B24EF480000635B01 /* PomodoroApp.swift in Sources */,
			);
			runOnlyForDeploymentPostprocessing = 0;
		};
		DF30A46424EF480000635B01 /* Sources */ = {
			isa = PBXSourcesBuildPhase;
			buildActionMask = 2147483647;
			files = (
				DF30A46D24EF480000635B01 /* TestsIOS.swift in Sources */,
			);
			runOnlyForDeploymentPostprocessing = 0;
		};
		DF30A46F24EF480000635B01 /* Sources */ = {
			isa = PBXSourcesBuildPhase;
			buildActionMask = 2147483647;
			files = (
				DF2C486924F34458003BE135 /* TestsMacOS.swift in Sources */,
			);
			runOnlyForDeploymentPostprocessing = 0;
		};
/* End PBXSourcesBuildPhase section */

/* Begin PBXTargetDependency section */
		DF2C481E24F31BDD003BE135 /* PBXTargetDependency */ = {
			isa = PBXTargetDependency;
			target = DF30A45F24EF480000635B01 /* Pomodoro (macOS) */;
			targetProxy = DF2C481D24F31BDD003BE135 /* PBXContainerItemProxy */;
		};
		DF30A46A24EF480000635B01 /* PBXTargetDependency */ = {
			isa = PBXTargetDependency;
			target = DF30A45724EF480000635B01 /* Pomodoro (iOS) */;
			targetProxy = DF30A46924EF480000635B01 /* PBXContainerItemProxy */;
		};
		DF30A47524EF480000635B01 /* PBXTargetDependency */ = {
			isa = PBXTargetDependency;
			target = DF30A45F24EF480000635B01 /* Pomodoro (macOS) */;
			targetProxy = DF30A47424EF480000635B01 /* PBXContainerItemProxy */;
		};
/* End PBXTargetDependency section */

/* Begin XCBuildConfiguration section */
		DF2C482024F31BDD003BE135 /* Debug */ = {
			isa = XCBuildConfiguration;
			buildSettings = {
				BUNDLE_LOADER = "$(TEST_HOST)";
				CODE_SIGN_STYLE = Automatic;
				COMBINE_HIDPI_IMAGES = YES;
				DEVELOPMENT_TEAM = 84C29N4H5C;
				INFOPLIST_FILE = PomodoroMacUnitTests/Info.plist;
				LD_RUNPATH_SEARCH_PATHS = (
					"$(inherited)",
					"@executable_path/../Frameworks",
					"@loader_path/../Frameworks",
				);
				MACOSX_DEPLOYMENT_TARGET = 11.0;
				PRODUCT_BUNDLE_IDENTIFIER = com.slichter.PomodoroMacUnitTests;
				PRODUCT_NAME = "$(TARGET_NAME)";
				SDKROOT = macosx;
				SWIFT_VERSION = 5.0;
				TEST_HOST = "$(BUILT_PRODUCTS_DIR)/Pomodoro.app/Contents/MacOS/Pomodoro";
			};
			name = Debug;
		};
		DF2C482124F31BDD003BE135 /* Release */ = {
			isa = XCBuildConfiguration;
			buildSettings = {
				BUNDLE_LOADER = "$(TEST_HOST)";
				CODE_SIGN_STYLE = Automatic;
				COMBINE_HIDPI_IMAGES = YES;
				DEVELOPMENT_TEAM = 84C29N4H5C;
				INFOPLIST_FILE = PomodoroMacUnitTests/Info.plist;
				LD_RUNPATH_SEARCH_PATHS = (
					"$(inherited)",
					"@executable_path/../Frameworks",
					"@loader_path/../Frameworks",
				);
				MACOSX_DEPLOYMENT_TARGET = 11.0;
				PRODUCT_BUNDLE_IDENTIFIER = com.slichter.PomodoroMacUnitTests;
				PRODUCT_NAME = "$(TARGET_NAME)";
				SDKROOT = macosx;
				SWIFT_VERSION = 5.0;
				TEST_HOST = "$(BUILT_PRODUCTS_DIR)/Pomodoro.app/Contents/MacOS/Pomodoro";
			};
			name = Release;
		};
		DF30A48024EF480000635B01 /* Debug */ = {
			isa = XCBuildConfiguration;
			buildSettings = {
				ALWAYS_SEARCH_USER_PATHS = NO;
				CLANG_ANALYZER_NONNULL = YES;
				CLANG_ANALYZER_NUMBER_OBJECT_CONVERSION = YES_AGGRESSIVE;
				CLANG_CXX_LANGUAGE_STANDARD = "gnu++14";
				CLANG_CXX_LIBRARY = "libc++";
				CLANG_ENABLE_MODULES = YES;
				CLANG_ENABLE_OBJC_ARC = YES;
				CLANG_ENABLE_OBJC_WEAK = YES;
				CLANG_WARN_BLOCK_CAPTURE_AUTORELEASING = YES;
				CLANG_WARN_BOOL_CONVERSION = YES;
				CLANG_WARN_COMMA = YES;
				CLANG_WARN_CONSTANT_CONVERSION = YES;
				CLANG_WARN_DEPRECATED_OBJC_IMPLEMENTATIONS = YES;
				CLANG_WARN_DIRECT_OBJC_ISA_USAGE = YES_ERROR;
				CLANG_WARN_DOCUMENTATION_COMMENTS = YES;
				CLANG_WARN_EMPTY_BODY = YES;
				CLANG_WARN_ENUM_CONVERSION = YES;
				CLANG_WARN_INFINITE_RECURSION = YES;
				CLANG_WARN_INT_CONVERSION = YES;
				CLANG_WARN_NON_LITERAL_NULL_CONVERSION = YES;
				CLANG_WARN_OBJC_IMPLICIT_RETAIN_SELF = YES;
				CLANG_WARN_OBJC_LITERAL_CONVERSION = YES;
				CLANG_WARN_OBJC_ROOT_CLASS = YES_ERROR;
				CLANG_WARN_QUOTED_INCLUDE_IN_FRAMEWORK_HEADER = YES;
				CLANG_WARN_RANGE_LOOP_ANALYSIS = YES;
				CLANG_WARN_STRICT_PROTOTYPES = YES;
				CLANG_WARN_SUSPICIOUS_MOVE = YES;
				CLANG_WARN_UNGUARDED_AVAILABILITY = YES_AGGRESSIVE;
				CLANG_WARN_UNREACHABLE_CODE = YES;
				CLANG_WARN__DUPLICATE_METHOD_MATCH = YES;
				COPY_PHASE_STRIP = NO;
				DEBUG_INFORMATION_FORMAT = dwarf;
				ENABLE_STRICT_OBJC_MSGSEND = YES;
				ENABLE_TESTABILITY = YES;
				GCC_C_LANGUAGE_STANDARD = gnu11;
				GCC_DYNAMIC_NO_PIC = NO;
				GCC_NO_COMMON_BLOCKS = YES;
				GCC_OPTIMIZATION_LEVEL = 0;
				GCC_PREPROCESSOR_DEFINITIONS = (
					"DEBUG=1",
					"$(inherited)",
				);
				GCC_WARN_64_TO_32_BIT_CONVERSION = YES;
				GCC_WARN_ABOUT_RETURN_TYPE = YES_ERROR;
				GCC_WARN_UNDECLARED_SELECTOR = YES;
				GCC_WARN_UNINITIALIZED_AUTOS = YES_AGGRESSIVE;
				GCC_WARN_UNUSED_FUNCTION = YES;
				GCC_WARN_UNUSED_VARIABLE = YES;
				MTL_ENABLE_DEBUG_INFO = INCLUDE_SOURCE;
				MTL_FAST_MATH = YES;
				ONLY_ACTIVE_ARCH = YES;
				SWIFT_ACTIVE_COMPILATION_CONDITIONS = DEBUG;
				SWIFT_OPTIMIZATION_LEVEL = "-Onone";
			};
			name = Debug;
		};
		DF30A48124EF480000635B01 /* Release */ = {
			isa = XCBuildConfiguration;
			buildSettings = {
				ALWAYS_SEARCH_USER_PATHS = NO;
				CLANG_ANALYZER_NONNULL = YES;
				CLANG_ANALYZER_NUMBER_OBJECT_CONVERSION = YES_AGGRESSIVE;
				CLANG_CXX_LANGUAGE_STANDARD = "gnu++14";
				CLANG_CXX_LIBRARY = "libc++";
				CLANG_ENABLE_MODULES = YES;
				CLANG_ENABLE_OBJC_ARC = YES;
				CLANG_ENABLE_OBJC_WEAK = YES;
				CLANG_WARN_BLOCK_CAPTURE_AUTORELEASING = YES;
				CLANG_WARN_BOOL_CONVERSION = YES;
				CLANG_WARN_COMMA = YES;
				CLANG_WARN_CONSTANT_CONVERSION = YES;
				CLANG_WARN_DEPRECATED_OBJC_IMPLEMENTATIONS = YES;
				CLANG_WARN_DIRECT_OBJC_ISA_USAGE = YES_ERROR;
				CLANG_WARN_DOCUMENTATION_COMMENTS = YES;
				CLANG_WARN_EMPTY_BODY = YES;
				CLANG_WARN_ENUM_CONVERSION = YES;
				CLANG_WARN_INFINITE_RECURSION = YES;
				CLANG_WARN_INT_CONVERSION = YES;
				CLANG_WARN_NON_LITERAL_NULL_CONVERSION = YES;
				CLANG_WARN_OBJC_IMPLICIT_RETAIN_SELF = YES;
				CLANG_WARN_OBJC_LITERAL_CONVERSION = YES;
				CLANG_WARN_OBJC_ROOT_CLASS = YES_ERROR;
				CLANG_WARN_QUOTED_INCLUDE_IN_FRAMEWORK_HEADER = YES;
				CLANG_WARN_RANGE_LOOP_ANALYSIS = YES;
				CLANG_WARN_STRICT_PROTOTYPES = YES;
				CLANG_WARN_SUSPICIOUS_MOVE = YES;
				CLANG_WARN_UNGUARDED_AVAILABILITY = YES_AGGRESSIVE;
				CLANG_WARN_UNREACHABLE_CODE = YES;
				CLANG_WARN__DUPLICATE_METHOD_MATCH = YES;
				COPY_PHASE_STRIP = NO;
				DEBUG_INFORMATION_FORMAT = "dwarf-with-dsym";
				ENABLE_NS_ASSERTIONS = NO;
				ENABLE_STRICT_OBJC_MSGSEND = YES;
				GCC_C_LANGUAGE_STANDARD = gnu11;
				GCC_NO_COMMON_BLOCKS = YES;
				GCC_WARN_64_TO_32_BIT_CONVERSION = YES;
				GCC_WARN_ABOUT_RETURN_TYPE = YES_ERROR;
				GCC_WARN_UNDECLARED_SELECTOR = YES;
				GCC_WARN_UNINITIALIZED_AUTOS = YES_AGGRESSIVE;
				GCC_WARN_UNUSED_FUNCTION = YES;
				GCC_WARN_UNUSED_VARIABLE = YES;
				MTL_ENABLE_DEBUG_INFO = NO;
				MTL_FAST_MATH = YES;
				SWIFT_COMPILATION_MODE = wholemodule;
				SWIFT_OPTIMIZATION_LEVEL = "-O";
			};
			name = Release;
		};
		DF30A48324EF480000635B01 /* Debug */ = {
			isa = XCBuildConfiguration;
			buildSettings = {
				ASSETCATALOG_COMPILER_APPICON_NAME = AppIcon;
				ASSETCATALOG_COMPILER_GLOBAL_ACCENT_COLOR_NAME = AccentColor;
				CODE_SIGN_STYLE = Automatic;
				DEVELOPMENT_TEAM = 84C29N4H5C;
				ENABLE_PREVIEWS = YES;
				INFOPLIST_FILE = iOS/Info.plist;
				IPHONEOS_DEPLOYMENT_TARGET = 14.0;
				LD_RUNPATH_SEARCH_PATHS = (
					"$(inherited)",
					"@executable_path/Frameworks",
				);
				PRODUCT_BUNDLE_IDENTIFIER = com.slichter.Pomodoro;
				PRODUCT_NAME = Pomodoro;
				SDKROOT = iphoneos;
				SWIFT_VERSION = 5.0;
				TARGETED_DEVICE_FAMILY = "1,2";
			};
			name = Debug;
		};
		DF30A48424EF480000635B01 /* Release */ = {
			isa = XCBuildConfiguration;
			buildSettings = {
				ASSETCATALOG_COMPILER_APPICON_NAME = AppIcon;
				ASSETCATALOG_COMPILER_GLOBAL_ACCENT_COLOR_NAME = AccentColor;
				CODE_SIGN_STYLE = Automatic;
				DEVELOPMENT_TEAM = 84C29N4H5C;
				ENABLE_PREVIEWS = YES;
				INFOPLIST_FILE = iOS/Info.plist;
				IPHONEOS_DEPLOYMENT_TARGET = 14.0;
				LD_RUNPATH_SEARCH_PATHS = (
					"$(inherited)",
					"@executable_path/Frameworks",
				);
				PRODUCT_BUNDLE_IDENTIFIER = com.slichter.Pomodoro;
				PRODUCT_NAME = Pomodoro;
				SDKROOT = iphoneos;
				SWIFT_VERSION = 5.0;
				TARGETED_DEVICE_FAMILY = "1,2";
				VALIDATE_PRODUCT = YES;
			};
			name = Release;
		};
		DF30A48624EF480000635B01 /* Debug */ = {
			isa = XCBuildConfiguration;
			buildSettings = {
				ASSETCATALOG_COMPILER_APPICON_NAME = AppIcon;
				ASSETCATALOG_COMPILER_GLOBAL_ACCENT_COLOR_NAME = AccentColor;
				CODE_SIGN_ENTITLEMENTS = macOS/macOS.entitlements;
				CODE_SIGN_STYLE = Automatic;
				COMBINE_HIDPI_IMAGES = YES;
				DEVELOPMENT_TEAM = 84C29N4H5C;
				ENABLE_HARDENED_RUNTIME = YES;
				ENABLE_PREVIEWS = YES;
				INFOPLIST_FILE = macOS/Info.plist;
				LD_RUNPATH_SEARCH_PATHS = (
					"$(inherited)",
					"@executable_path/../Frameworks",
				);
				MACOSX_DEPLOYMENT_TARGET = 11.0;
				PRODUCT_BUNDLE_IDENTIFIER = com.slichter.Pomodoro;
				PRODUCT_NAME = Pomodoro;
				SDKROOT = macosx;
				SWIFT_VERSION = 5.0;
			};
			name = Debug;
		};
		DF30A48724EF480000635B01 /* Release */ = {
			isa = XCBuildConfiguration;
			buildSettings = {
				ASSETCATALOG_COMPILER_APPICON_NAME = AppIcon;
				ASSETCATALOG_COMPILER_GLOBAL_ACCENT_COLOR_NAME = AccentColor;
				CODE_SIGN_ENTITLEMENTS = macOS/macOS.entitlements;
				CODE_SIGN_STYLE = Automatic;
				COMBINE_HIDPI_IMAGES = YES;
				DEVELOPMENT_TEAM = 84C29N4H5C;
				ENABLE_HARDENED_RUNTIME = YES;
				ENABLE_PREVIEWS = YES;
				INFOPLIST_FILE = macOS/Info.plist;
				LD_RUNPATH_SEARCH_PATHS = (
					"$(inherited)",
					"@executable_path/../Frameworks",
				);
				MACOSX_DEPLOYMENT_TARGET = 11.0;
				PRODUCT_BUNDLE_IDENTIFIER = com.slichter.Pomodoro;
				PRODUCT_NAME = Pomodoro;
				SDKROOT = macosx;
				SWIFT_VERSION = 5.0;
			};
			name = Release;
		};
		DF30A48924EF480000635B01 /* Debug */ = {
			isa = XCBuildConfiguration;
			buildSettings = {
				ALWAYS_EMBED_SWIFT_STANDARD_LIBRARIES = YES;
				CODE_SIGN_STYLE = Automatic;
				DEVELOPMENT_TEAM = 84C29N4H5C;
				INFOPLIST_FILE = "Tests iOS/Info.plist";
				IPHONEOS_DEPLOYMENT_TARGET = 14.0;
				LD_RUNPATH_SEARCH_PATHS = (
					"$(inherited)",
					"@executable_path/Frameworks",
					"@loader_path/Frameworks",
				);
				PRODUCT_BUNDLE_IDENTIFIER = "com.slichter.Tests-iOS";
				PRODUCT_NAME = "$(TARGET_NAME)";
				SDKROOT = iphoneos;
				SWIFT_VERSION = 5.0;
				TARGETED_DEVICE_FAMILY = "1,2";
				TEST_TARGET_NAME = "Pomodoro (iOS)";
			};
			name = Debug;
		};
		DF30A48A24EF480000635B01 /* Release */ = {
			isa = XCBuildConfiguration;
			buildSettings = {
				ALWAYS_EMBED_SWIFT_STANDARD_LIBRARIES = YES;
				CODE_SIGN_STYLE = Automatic;
				DEVELOPMENT_TEAM = 84C29N4H5C;
				INFOPLIST_FILE = "Tests iOS/Info.plist";
				IPHONEOS_DEPLOYMENT_TARGET = 14.0;
				LD_RUNPATH_SEARCH_PATHS = (
					"$(inherited)",
					"@executable_path/Frameworks",
					"@loader_path/Frameworks",
				);
				PRODUCT_BUNDLE_IDENTIFIER = "com.slichter.Tests-iOS";
				PRODUCT_NAME = "$(TARGET_NAME)";
				SDKROOT = iphoneos;
				SWIFT_VERSION = 5.0;
				TARGETED_DEVICE_FAMILY = "1,2";
				TEST_TARGET_NAME = "Pomodoro (iOS)";
				VALIDATE_PRODUCT = YES;
			};
			name = Release;
		};
		DF30A48C24EF480000635B01 /* Debug */ = {
			isa = XCBuildConfiguration;
			buildSettings = {
				ALWAYS_EMBED_SWIFT_STANDARD_LIBRARIES = YES;
				CODE_SIGN_STYLE = Automatic;
				COMBINE_HIDPI_IMAGES = YES;
				DEVELOPMENT_TEAM = 84C29N4H5C;
				INFOPLIST_FILE = "Tests macOS/Info.plist";
				LD_RUNPATH_SEARCH_PATHS = (
					"$(inherited)",
					"@executable_path/../Frameworks",
					"@loader_path/../Frameworks",
				);
				MACOSX_DEPLOYMENT_TARGET = 11.0;
				PRODUCT_BUNDLE_IDENTIFIER = "com.slichter.Tests-macOS";
				PRODUCT_NAME = "$(TARGET_NAME)";
				SDKROOT = macosx;
				SWIFT_VERSION = 5.0;
				TEST_TARGET_NAME = "Pomodoro (macOS)";
			};
			name = Debug;
		};
		DF30A48D24EF480000635B01 /* Release */ = {
			isa = XCBuildConfiguration;
			buildSettings = {
				ALWAYS_EMBED_SWIFT_STANDARD_LIBRARIES = YES;
				CODE_SIGN_STYLE = Automatic;
				COMBINE_HIDPI_IMAGES = YES;
				DEVELOPMENT_TEAM = 84C29N4H5C;
				INFOPLIST_FILE = "Tests macOS/Info.plist";
				LD_RUNPATH_SEARCH_PATHS = (
					"$(inherited)",
					"@executable_path/../Frameworks",
					"@loader_path/../Frameworks",
				);
				MACOSX_DEPLOYMENT_TARGET = 11.0;
				PRODUCT_BUNDLE_IDENTIFIER = "com.slichter.Tests-macOS";
				PRODUCT_NAME = "$(TARGET_NAME)";
				SDKROOT = macosx;
				SWIFT_VERSION = 5.0;
				TEST_TARGET_NAME = "Pomodoro (macOS)";
			};
			name = Release;
		};
/* End XCBuildConfiguration section */

/* Begin XCConfigurationList section */
		DF2C481F24F31BDD003BE135 /* Build configuration list for PBXNativeTarget "PomodoroMacUnitTests" */ = {
			isa = XCConfigurationList;
			buildConfigurations = (
				DF2C482024F31BDD003BE135 /* Debug */,
				DF2C482124F31BDD003BE135 /* Release */,
			);
			defaultConfigurationIsVisible = 0;
			defaultConfigurationName = Release;
		};
		DF30A44F24EF47FE00635B01 /* Build configuration list for PBXProject "Pomodoro" */ = {
			isa = XCConfigurationList;
			buildConfigurations = (
				DF30A48024EF480000635B01 /* Debug */,
				DF30A48124EF480000635B01 /* Release */,
			);
			defaultConfigurationIsVisible = 0;
			defaultConfigurationName = Release;
		};
		DF30A48224EF480000635B01 /* Build configuration list for PBXNativeTarget "Pomodoro (iOS)" */ = {
			isa = XCConfigurationList;
			buildConfigurations = (
				DF30A48324EF480000635B01 /* Debug */,
				DF30A48424EF480000635B01 /* Release */,
			);
			defaultConfigurationIsVisible = 0;
			defaultConfigurationName = Release;
		};
		DF30A48524EF480000635B01 /* Build configuration list for PBXNativeTarget "Pomodoro (macOS)" */ = {
			isa = XCConfigurationList;
			buildConfigurations = (
				DF30A48624EF480000635B01 /* Debug */,
				DF30A48724EF480000635B01 /* Release */,
			);
			defaultConfigurationIsVisible = 0;
			defaultConfigurationName = Release;
		};
		DF30A48824EF480000635B01 /* Build configuration list for PBXNativeTarget "Tests iOS" */ = {
			isa = XCConfigurationList;
			buildConfigurations = (
				DF30A48924EF480000635B01 /* Debug */,
				DF30A48A24EF480000635B01 /* Release */,
			);
			defaultConfigurationIsVisible = 0;
			defaultConfigurationName = Release;
		};
		DF30A48B24EF480000635B01 /* Build configuration list for PBXNativeTarget "Tests macOS" */ = {
			isa = XCConfigurationList;
			buildConfigurations = (
				DF30A48C24EF480000635B01 /* Debug */,
				DF30A48D24EF480000635B01 /* Release */,
			);
			defaultConfigurationIsVisible = 0;
			defaultConfigurationName = Release;
		};
/* End XCConfigurationList section */

/* Begin XCRemoteSwiftPackageReference section */
		DF30A48E24EF4F1700635B01 /* XCRemoteSwiftPackageReference "SwiftLint" */ = {
			isa = XCRemoteSwiftPackageReference;
			repositoryURL = "https://github.com/realm/SwiftLint.git";
			requirement = {
				kind = upToNextMajorVersion;
				minimumVersion = 0.40.0;
			};
		};
/* End XCRemoteSwiftPackageReference section */

/* Begin XCSwiftPackageProductDependency section */
		DF30A48F24EF4F1700635B01 /* SwiftLintFramework */ = {
			isa = XCSwiftPackageProductDependency;
			package = DF30A48E24EF4F1700635B01 /* XCRemoteSwiftPackageReference "SwiftLint" */;
			productName = SwiftLintFramework;
		};
/* End XCSwiftPackageProductDependency section */
	};
	rootObject = DF30A44C24EF47FE00635B01 /* Project object */;
}
